
Microsoft Visual Studio Solution File, Format Version 12.00
# Visual Studio Version 16
VisualStudioVersion = 16.0.30011.22
MinimumVisualStudioVersion = 10.0.40219.1
Project("{FAE04EC0-301F-11D3-BF4B-00C04F79EFBC}") = "SignalRServerAndVueClientDemo", "SignalRServerAndVueClientDemo\SignalRServerAndVueClientDemo.csproj", "{C698F3FE-1E23-483C-85F7-5C83DEFBDEEA}"
EndProject
Global
	GlobalSection(SolutionConfigurationPlatforms) = preSolution
		Debug|Any CPU = Debug|Any CPU
		Release|Any CPU = Release|Any CPU
	EndGlobalSection
	GlobalSection(ProjectConfigurationPlatforms) = postSolution
		{C698F3FE-1E23-483C-85F7-5C83DEFBDEEA}.Debug|Any CPU.ActiveCfg = Debug|Any CPU
		{C698F3FE-1E23-483C-85F7-5C83DEFBDEEA}.Debug|Any CPU.Build.0 = Debug|Any CPU
		{C698F3FE-1E23-483C-85F7-5C83DEFBDEEA}.Release|Any CPU.ActiveCfg = Release|Any CPU
		{C698F3FE-1E23-483C-85F7-5C83DEFBDEEA}.Release|Any CPU.Build.0 = Release|Any CPU
	EndGlobalSection
	GlobalSection(SolutionProperties) = preSolution
		HideSolutionNode = FALSE
	EndGlobalSection
	GlobalSection(ExtensibilityGlobals) = postSolution
		SolutionGuid = {7542E902-D323-4232-A7D9-D9F8FAC147C3}
	EndGlobalSection
EndGlobal
